
Microsoft Visual Studio Solution File, Format Version 12.00
# Visual Studio Version 17
VisualStudioVersion = 17.3.32929.385
MinimumVisualStudioVersion = 10.0.40219.1
Project("{2150E333-8FDC-42A3-9474-1A3956D46DE8}") = ".paket", ".paket", "{CDC2C9CB-0E4D-44E4-BA62-57D252C7EBB2}"
	ProjectSection(SolutionItems) = preProject
		paket.dependencies = paket.dependencies
	EndProjectSection
EndProject
Project("{FAE04EC0-301F-11D3-BF4B-00C04F79EFBC}") = "VerifyRepro.Tests", "VerifyRepro.Tests\VerifyRepro.Tests.csproj", "{6ED02820-3C23-4DD5-900E-A515A1D3CC58}"
EndProject
Project("{2150E333-8FDC-42A3-9474-1A3956D46DE8}") = "Solution Items", "Solution Items", "{202E5149-FFBF-4CE9-B1DB-7E74F2B81B2D}"
	ProjectSection(SolutionItems) = preProject
		.gitignore = .gitignore
	EndProjectSection
EndProject
Global
	GlobalSection(SolutionConfigurationPlatforms) = preSolution
		Debug|Any CPU = Debug|Any CPU
		Release|Any CPU = Release|Any CPU
	EndGlobalSection
	GlobalSection(ProjectConfigurationPlatforms) = postSolution
		{6ED02820-3C23-4DD5-900E-A515A1D3CC58}.Debug|Any CPU.ActiveCfg = Debug|Any CPU
		{6ED02820-3C23-4DD5-900E-A515A1D3CC58}.Debug|Any CPU.Build.0 = Debug|Any CPU
		{6ED02820-3C23-4DD5-900E-A515A1D3CC58}.Release|Any CPU.ActiveCfg = Release|Any CPU
		{6ED02820-3C23-4DD5-900E-A515A1D3CC58}.Release|Any CPU.Build.0 = Release|Any CPU
	EndGlobalSection
	GlobalSection(SolutionProperties) = preSolution
		HideSolutionNode = FALSE
	EndGlobalSection
	GlobalSection(ExtensibilityGlobals) = postSolution
		SolutionGuid = {CE994608-C980-485D-94AE-EF391283D0E2}
	EndGlobalSection
EndGlobal
